
Microsoft Visual Studio Solution File, Format Version 12.00
# Visual Studio Version 17
VisualStudioVersion = 17.10.35013.160
MinimumVisualStudioVersion = 10.0.40219.1
Project("{FAE04EC0-301F-11D3-BF4B-00C04F79EFBC}") = "StudentManagementSystem", "StudentManagementSystem\StudentManagementSystem.csproj", "{7D364344-EFD3-409C-99FC-DE7CB76326C4}"
EndProject
Global
	GlobalSection(SolutionConfigurationPlatforms) = preSolution
		Debug|Any CPU = Debug|Any CPU
		Release|Any CPU = Release|Any CPU
	EndGlobalSection
	GlobalSection(ProjectConfigurationPlatforms) = postSolution
		{7D364344-EFD3-409C-99FC-DE7CB76326C4}.Debug|Any CPU.ActiveCfg = Debug|Any CPU
		{7D364344-EFD3-409C-99FC-DE7CB76326C4}.Debug|Any CPU.Build.0 = Debug|Any CPU
		{7D364344-EFD3-409C-99FC-DE7CB76326C4}.Release|Any CPU.ActiveCfg = Release|Any CPU
		{7D364344-EFD3-409C-99FC-DE7CB76326C4}.Release|Any CPU.Build.0 = Release|Any CPU
	EndGlobalSection
	GlobalSection(SolutionProperties) = preSolution
		HideSolutionNode = FALSE
	EndGlobalSection
	GlobalSection(ExtensibilityGlobals) = postSolution
		SolutionGuid = {DD61D759-0556-497C-9AD7-6D70A0C76B1C}
	EndGlobalSection
EndGlobal
